
Microsoft Visual Studio Solution File, Format Version 12.00
# Visual Studio Version 16
VisualStudioVersion = 16.0.30204.135
MinimumVisualStudioVersion = 10.0.40219.1
Project("{FAE04EC0-301F-11D3-BF4B-00C04F79EFBC}") = "Singleton", "Singleton\Singleton.csproj", "{ECBCE6E3-6A96-45BD-9EC1-82C48E3CA49F}"
EndProject
Project("{FAE04EC0-301F-11D3-BF4B-00C04F79EFBC}") = "FactoryMethod", "FactoryMethod\FactoryMethod.csproj", "{C6AEC1FD-FB12-4D6D-9E2B-4345D0AE7F94}"
EndProject
Project("{FAE04EC0-301F-11D3-BF4B-00C04F79EFBC}") = "Adapter", "Adapter\Adapter.csproj", "{6CC332E0-F809-481C-8272-0929D58E0ED4}"
EndProject
Global
	GlobalSection(SolutionConfigurationPlatforms) = preSolution
		Debug|Any CPU = Debug|Any CPU
		Release|Any CPU = Release|Any CPU
	EndGlobalSection
	GlobalSection(ProjectConfigurationPlatforms) = postSolution
		{ECBCE6E3-6A96-45BD-9EC1-82C48E3CA49F}.Debug|Any CPU.ActiveCfg = Debug|Any CPU
		{ECBCE6E3-6A96-45BD-9EC1-82C48E3CA49F}.Debug|Any CPU.Build.0 = Debug|Any CPU
		{ECBCE6E3-6A96-45BD-9EC1-82C48E3CA49F}.Release|Any CPU.ActiveCfg = Release|Any CPU
		{ECBCE6E3-6A96-45BD-9EC1-82C48E3CA49F}.Release|Any CPU.Build.0 = Release|Any CPU
		{C6AEC1FD-FB12-4D6D-9E2B-4345D0AE7F94}.Debug|Any CPU.ActiveCfg = Debug|Any CPU
		{C6AEC1FD-FB12-4D6D-9E2B-4345D0AE7F94}.Debug|Any CPU.Build.0 = Debug|Any CPU
		{C6AEC1FD-FB12-4D6D-9E2B-4345D0AE7F94}.Release|Any CPU.ActiveCfg = Release|Any CPU
		{C6AEC1FD-FB12-4D6D-9E2B-4345D0AE7F94}.Release|Any CPU.Build.0 = Release|Any CPU
		{6CC332E0-F809-481C-8272-0929D58E0ED4}.Debug|Any CPU.ActiveCfg = Debug|Any CPU
		{6CC332E0-F809-481C-8272-0929D58E0ED4}.Debug|Any CPU.Build.0 = Debug|Any CPU
		{6CC332E0-F809-481C-8272-0929D58E0ED4}.Release|Any CPU.ActiveCfg = Release|Any CPU
		{6CC332E0-F809-481C-8272-0929D58E0ED4}.Release|Any CPU.Build.0 = Release|Any CPU
	EndGlobalSection
	GlobalSection(SolutionProperties) = preSolution
		HideSolutionNode = FALSE
	EndGlobalSection
	GlobalSection(ExtensibilityGlobals) = postSolution
		SolutionGuid = {7C2C30EA-BA18-4FCF-B8D8-6FDE8360CADF}
	EndGlobalSection
EndGlobal
